// !$*UTF8*$!
{
	archiveVersion = 1;
	classes = {
	};
	objectVersion = 46;
	objects = {

/* Begin PBXBuildFile section */
		15AC3C67913F69D52FAF472A /* Pods_ci_exampleTests.framework in Frameworks */ = {isa = PBXBuildFile; fileRef = CFC81ACE7FB94B1AB61C0D95 /* Pods_ci_exampleTests.framework */; };
		5CA8E36D2E125CC8C875FBFF /* Pods_ci_example.framework in Frameworks */ = {isa = PBXBuildFile; fileRef = 52724CA8BED132172ACE7CAE /* Pods_ci_example.framework */; };
		B0CCD4421EEEBE3A00D5A26E /* AppDelegate.swift in Sources */ = {isa = PBXBuildFile; fileRef = B0CCD4411EEEBE3A00D5A26E /* AppDelegate.swift */; };
		B0CCD4441EEEBE3A00D5A26E /* ViewController.swift in Sources */ = {isa = PBXBuildFile; fileRef = B0CCD4431EEEBE3A00D5A26E /* ViewController.swift */; };
		B0CCD4471EEEBE3A00D5A26E /* Main.storyboard in Resources */ = {isa = PBXBuildFile; fileRef = B0CCD4451EEEBE3A00D5A26E /* Main.storyboard */; };
		B0CCD4491EEEBE3A00D5A26E /* Assets.xcassets in Resources */ = {isa = PBXBuildFile; fileRef = B0CCD4481EEEBE3A00D5A26E /* Assets.xcassets */; };
		B0CCD44C1EEEBE3A00D5A26E /* LaunchScreen.storyboard in Resources */ = {isa = PBXBuildFile; fileRef = B0CCD44A1EEEBE3A00D5A26E /* LaunchScreen.storyboard */; };
		B0CCD4571EEEBE3A00D5A26E /* ci_exampleTests.swift in Sources */ = {isa = PBXBuildFile; fileRef = B0CCD4561EEEBE3A00D5A26E /* ci_exampleTests.swift */; };
		B0CCD4621EEEBE3A00D5A26E /* ci_exampleUITests.swift in Sources */ = {isa = PBXBuildFile; fileRef = B0CCD4611EEEBE3A00D5A26E /* ci_exampleUITests.swift */; };
		F28A14129DF3910581F9E6BF /* Pods_ci_exampleUITests.framework in Frameworks */ = {isa = PBXBuildFile; fileRef = 303B828A677A503C0F43F9B2 /* Pods_ci_exampleUITests.framework */; };
/* End PBXBuildFile section */

/* Begin PBXContainerItemProxy section */
		B0CCD4531EEEBE3A00D5A26E /* PBXContainerItemProxy */ = {
			isa = PBXContainerItemProxy;
			containerPortal = B0CCD4361EEEBE3A00D5A26E /* Project object */;
			proxyType = 1;
			remoteGlobalIDString = B0CCD43D1EEEBE3A00D5A26E;
			remoteInfo = "ci-example";
		};
		B0CCD45E1EEEBE3A00D5A26E /* PBXContainerItemProxy */ = {
			isa = PBXContainerItemProxy;
			containerPortal = B0CCD4361EEEBE3A00D5A26E /* Project object */;
			proxyType = 1;
			remoteGlobalIDString = B0CCD43D1EEEBE3A00D5A26E;
			remoteInfo = "ci-example";
		};
/* End PBXContainerItemProxy section */

/* Begin PBXFileReference section */
		119BCAC253578D373EED627E /* Pods-ci-exampleTests.debug.xcconfig */ = {isa = PBXFileReference; includeInIndex = 1; lastKnownFileType = text.xcconfig; name = "Pods-ci-exampleTests.debug.xcconfig"; path = "Pods/Target Support Files/Pods-ci-exampleTests/Pods-ci-exampleTests.debug.xcconfig"; sourceTree = "<group>"; };
		303B828A677A503C0F43F9B2 /* Pods_ci_exampleUITests.framework */ = {isa = PBXFileReference; explicitFileType = wrapper.framework; includeInIndex = 0; path = Pods_ci_exampleUITests.framework; sourceTree = BUILT_PRODUCTS_DIR; };
		52724CA8BED132172ACE7CAE /* Pods_ci_example.framework */ = {isa = PBXFileReference; explicitFileType = wrapper.framework; includeInIndex = 0; path = Pods_ci_example.framework; sourceTree = BUILT_PRODUCTS_DIR; };
		771ABF3F28BE33090A8A579F /* Pods-ci-exampleTests.release.xcconfig */ = {isa = PBXFileReference; includeInIndex = 1; lastKnownFileType = text.xcconfig; name = "Pods-ci-exampleTests.release.xcconfig"; path = "Pods/Target Support Files/Pods-ci-exampleTests/Pods-ci-exampleTests.release.xcconfig"; sourceTree = "<group>"; };
		88208AD12026B9C30434467F /* Pods-ci-exampleUITests.release.xcconfig */ = {isa = PBXFileReference; includeInIndex = 1; lastKnownFileType = text.xcconfig; name = "Pods-ci-exampleUITests.release.xcconfig"; path = "Pods/Target Support Files/Pods-ci-exampleUITests/Pods-ci-exampleUITests.release.xcconfig"; sourceTree = "<group>"; };
		93558B9A856A61B4C763A096 /* Pods-ci-example.debug.xcconfig */ = {isa = PBXFileReference; includeInIndex = 1; lastKnownFileType = text.xcconfig; name = "Pods-ci-example.debug.xcconfig"; path = "Pods/Target Support Files/Pods-ci-example/Pods-ci-example.debug.xcconfig"; sourceTree = "<group>"; };
		9A47E5C96FCDBED55135F749 /* Pods-ci-example.release.xcconfig */ = {isa = PBXFileReference; includeInIndex = 1; lastKnownFileType = text.xcconfig; name = "Pods-ci-example.release.xcconfig"; path = "Pods/Target Support Files/Pods-ci-example/Pods-ci-example.release.xcconfig"; sourceTree = "<group>"; };
		B0CCD43E1EEEBE3A00D5A26E /* ci-example.app */ = {isa = PBXFileReference; explicitFileType = wrapper.application; includeInIndex = 0; path = "ci-example.app"; sourceTree = BUILT_PRODUCTS_DIR; };
		B0CCD4411EEEBE3A00D5A26E /* AppDelegate.swift */ = {isa = PBXFileReference; lastKnownFileType = sourcecode.swift; path = AppDelegate.swift; sourceTree = "<group>"; };
		B0CCD4431EEEBE3A00D5A26E /* ViewController.swift */ = {isa = PBXFileReference; lastKnownFileType = sourcecode.swift; path = ViewController.swift; sourceTree = "<group>"; };
		B0CCD4461EEEBE3A00D5A26E /* Base */ = {isa = PBXFileReference; lastKnownFileType = file.storyboard; name = Base; path = Base.lproj/Main.storyboard; sourceTree = "<group>"; };
		B0CCD4481EEEBE3A00D5A26E /* Assets.xcassets */ = {isa = PBXFileReference; lastKnownFileType = folder.assetcatalog; path = Assets.xcassets; sourceTree = "<group>"; };
		B0CCD44B1EEEBE3A00D5A26E /* Base */ = {isa = PBXFileReference; lastKnownFileType = file.storyboard; name = Base; path = Base.lproj/LaunchScreen.storyboard; sourceTree = "<group>"; };
		B0CCD44D1EEEBE3A00D5A26E /* Info.plist */ = {isa = PBXFileReference; lastKnownFileType = text.plist.xml; path = Info.plist; sourceTree = "<group>"; };
		B0CCD4521EEEBE3A00D5A26E /* ci-exampleTests.xctest */ = {isa = PBXFileReference; explicitFileType = wrapper.cfbundle; includeInIndex = 0; path = "ci-exampleTests.xctest"; sourceTree = BUILT_PRODUCTS_DIR; };
		B0CCD4561EEEBE3A00D5A26E /* ci_exampleTests.swift */ = {isa = PBXFileReference; lastKnownFileType = sourcecode.swift; path = ci_exampleTests.swift; sourceTree = "<group>"; };
		B0CCD4581EEEBE3A00D5A26E /* Info.plist */ = {isa = PBXFileReference; lastKnownFileType = text.plist.xml; path = Info.plist; sourceTree = "<group>"; };
		B0CCD45D1EEEBE3A00D5A26E /* ci-exampleUITests.xctest */ = {isa = PBXFileReference; explicitFileType = wrapper.cfbundle; includeInIndex = 0; path = "ci-exampleUITests.xctest"; sourceTree = BUILT_PRODUCTS_DIR; };
		B0CCD4611EEEBE3A00D5A26E /* ci_exampleUITests.swift */ = {isa = PBXFileReference; lastKnownFileType = sourcecode.swift; path = ci_exampleUITests.swift; sourceTree = "<group>"; };
		B0CCD4631EEEBE3A00D5A26E /* Info.plist */ = {isa = PBXFileReference; lastKnownFileType = text.plist.xml; path = Info.plist; sourceTree = "<group>"; };
		B3ED043C0A3CBEB2BE3F909C /* Pods-ci-exampleUITests.debug.xcconfig */ = {isa = PBXFileReference; includeInIndex = 1; lastKnownFileType = text.xcconfig; name = "Pods-ci-exampleUITests.debug.xcconfig"; path = "Pods/Target Support Files/Pods-ci-exampleUITests/Pods-ci-exampleUITests.debug.xcconfig"; sourceTree = "<group>"; };
		CFC81ACE7FB94B1AB61C0D95 /* Pods_ci_exampleTests.framework */ = {isa = PBXFileReference; explicitFileType = wrapper.framework; includeInIndex = 0; path = Pods_ci_exampleTests.framework; sourceTree = BUILT_PRODUCTS_DIR; };
/* End PBXFileReference section */

/* Begin PBXFrameworksBuildPhase section */
		B0CCD43B1EEEBE3A00D5A26E /* Frameworks */ = {
			isa = PBXFrameworksBuildPhase;
			buildActionMask = 2147483647;
			files = (
				5CA8E36D2E125CC8C875FBFF /* Pods_ci_example.framework in Frameworks */,
			);
			runOnlyForDeploymentPostprocessing = 0;
		};
		B0CCD44F1EEEBE3A00D5A26E /* Frameworks */ = {
			isa = PBXFrameworksBuildPhase;
			buildActionMask = 2147483647;
			files = (
				15AC3C67913F69D52FAF472A /* Pods_ci_exampleTests.framework in Frameworks */,
			);
			runOnlyForDeploymentPostprocessing = 0;
		};
		B0CCD45A1EEEBE3A00D5A26E /* Frameworks */ = {
			isa = PBXFrameworksBuildPhase;
			buildActionMask = 2147483647;
			files = (
				F28A14129DF3910581F9E6BF /* Pods_ci_exampleUITests.framework in Frameworks */,
			);
			runOnlyForDeploymentPostprocessing = 0;
		};
/* End PBXFrameworksBuildPhase section */

/* Begin PBXGroup section */
		5BF35E590DBB65FC1B55923A /* Frameworks */ = {
			isa = PBXGroup;
			children = (
				52724CA8BED132172ACE7CAE /* Pods_ci_example.framework */,
				CFC81ACE7FB94B1AB61C0D95 /* Pods_ci_exampleTests.framework */,
				303B828A677A503C0F43F9B2 /* Pods_ci_exampleUITests.framework */,
			);
			name = Frameworks;
			sourceTree = "<group>";
		};
		B0CCD4351EEEBE3A00D5A26E = {
			isa = PBXGroup;
			children = (
				B0CCD4401EEEBE3A00D5A26E /* ci-example */,
				B0CCD4551EEEBE3A00D5A26E /* ci-exampleTests */,
				B0CCD4601EEEBE3A00D5A26E /* ci-exampleUITests */,
				B0CCD43F1EEEBE3A00D5A26E /* Products */,
				C99BDBBD4CAF9D4EC785632E /* Pods */,
				5BF35E590DBB65FC1B55923A /* Frameworks */,
			);
			sourceTree = "<group>";
		};
		B0CCD43F1EEEBE3A00D5A26E /* Products */ = {
			isa = PBXGroup;
			children = (
				B0CCD43E1EEEBE3A00D5A26E /* ci-example.app */,
				B0CCD4521EEEBE3A00D5A26E /* ci-exampleTests.xctest */,
				B0CCD45D1EEEBE3A00D5A26E /* ci-exampleUITests.xctest */,
			);
			name = Products;
			sourceTree = "<group>";
		};
		B0CCD4401EEEBE3A00D5A26E /* ci-example */ = {
			isa = PBXGroup;
			children = (
				B0CCD4411EEEBE3A00D5A26E /* AppDelegate.swift */,
				B0CCD4431EEEBE3A00D5A26E /* ViewController.swift */,
				B0CCD4451EEEBE3A00D5A26E /* Main.storyboard */,
				B0CCD4481EEEBE3A00D5A26E /* Assets.xcassets */,
				B0CCD44A1EEEBE3A00D5A26E /* LaunchScreen.storyboard */,
				B0CCD44D1EEEBE3A00D5A26E /* Info.plist */,
			);
			path = "ci-example";
			sourceTree = "<group>";
		};
		B0CCD4551EEEBE3A00D5A26E /* ci-exampleTests */ = {
			isa = PBXGroup;
			children = (
				B0CCD4561EEEBE3A00D5A26E /* ci_exampleTests.swift */,
				B0CCD4581EEEBE3A00D5A26E /* Info.plist */,
			);
			path = "ci-exampleTests";
			sourceTree = "<group>";
		};
		B0CCD4601EEEBE3A00D5A26E /* ci-exampleUITests */ = {
			isa = PBXGroup;
			children = (
				B0CCD4611EEEBE3A00D5A26E /* ci_exampleUITests.swift */,
				B0CCD4631EEEBE3A00D5A26E /* Info.plist */,
			);
			path = "ci-exampleUITests";
			sourceTree = "<group>";
		};
		C99BDBBD4CAF9D4EC785632E /* Pods */ = {
			isa = PBXGroup;
			children = (
				93558B9A856A61B4C763A096 /* Pods-ci-example.debug.xcconfig */,
				9A47E5C96FCDBED55135F749 /* Pods-ci-example.release.xcconfig */,
				119BCAC253578D373EED627E /* Pods-ci-exampleTests.debug.xcconfig */,
				771ABF3F28BE33090A8A579F /* Pods-ci-exampleTests.release.xcconfig */,
				B3ED043C0A3CBEB2BE3F909C /* Pods-ci-exampleUITests.debug.xcconfig */,
				88208AD12026B9C30434467F /* Pods-ci-exampleUITests.release.xcconfig */,
			);
			name = Pods;
			sourceTree = "<group>";
		};
/* End PBXGroup section */

/* Begin PBXNativeTarget section */
		B0CCD43D1EEEBE3A00D5A26E /* ci-example */ = {
			isa = PBXNativeTarget;
			buildConfigurationList = B0CCD4661EEEBE3A00D5A26E /* Build configuration list for PBXNativeTarget "ci-example" */;
			buildPhases = (
				EC67DB62892EFC53E790B170 /* [CP] Check Pods Manifest.lock */,
				B0CCD43A1EEEBE3A00D5A26E /* Sources */,
				B0CCD43B1EEEBE3A00D5A26E /* Frameworks */,
				B0CCD43C1EEEBE3A00D5A26E /* Resources */,
				457BF4F8C451532B35AD5F84 /* [CP] Embed Pods Frameworks */,
				0F2D72281BA7DF2344BFDC9F /* [CP] Copy Pods Resources */,
			);
			buildRules = (
			);
			dependencies = (
			);
			name = "ci-example";
			productName = "ci-example";
			productReference = B0CCD43E1EEEBE3A00D5A26E /* ci-example.app */;
			productType = "com.apple.product-type.application";
		};
		B0CCD4511EEEBE3A00D5A26E /* ci-exampleTests */ = {
			isa = PBXNativeTarget;
			buildConfigurationList = B0CCD4691EEEBE3A00D5A26E /* Build configuration list for PBXNativeTarget "ci-exampleTests" */;
			buildPhases = (
				1E682DA709F555DF0D0F14C1 /* [CP] Check Pods Manifest.lock */,
				B0CCD44E1EEEBE3A00D5A26E /* Sources */,
				B0CCD44F1EEEBE3A00D5A26E /* Frameworks */,
				B0CCD4501EEEBE3A00D5A26E /* Resources */,
				83FAF24C74C78C0D01530D04 /* [CP] Embed Pods Frameworks */,
				FD3594499EDFF88D61AA6960 /* [CP] Copy Pods Resources */,
			);
			buildRules = (
			);
			dependencies = (
				B0CCD4541EEEBE3A00D5A26E /* PBXTargetDependency */,
			);
			name = "ci-exampleTests";
			productName = "ci-exampleTests";
			productReference = B0CCD4521EEEBE3A00D5A26E /* ci-exampleTests.xctest */;
			productType = "com.apple.product-type.bundle.unit-test";
		};
		B0CCD45C1EEEBE3A00D5A26E /* ci-exampleUITests */ = {
			isa = PBXNativeTarget;
			buildConfigurationList = B0CCD46C1EEEBE3A00D5A26E /* Build configuration list for PBXNativeTarget "ci-exampleUITests" */;
			buildPhases = (
				BC7F25455008C3DD219F3FFC /* [CP] Check Pods Manifest.lock */,
				B0CCD4591EEEBE3A00D5A26E /* Sources */,
				B0CCD45A1EEEBE3A00D5A26E /* Frameworks */,
				B0CCD45B1EEEBE3A00D5A26E /* Resources */,
				9A06D7FF80CC1ACB678548B3 /* [CP] Embed Pods Frameworks */,
				CB00671BF56BEFC3B59B80F1 /* [CP] Copy Pods Resources */,
			);
			buildRules = (
			);
			dependencies = (
				B0CCD45F1EEEBE3A00D5A26E /* PBXTargetDependency */,
			);
			name = "ci-exampleUITests";
			productName = "ci-exampleUITests";
			productReference = B0CCD45D1EEEBE3A00D5A26E /* ci-exampleUITests.xctest */;
			productType = "com.apple.product-type.bundle.ui-testing";
		};
/* End PBXNativeTarget section */

/* Begin PBXProject section */
		B0CCD4361EEEBE3A00D5A26E /* Project object */ = {
			isa = PBXProject;
			attributes = {
				LastSwiftUpdateCheck = 0830;
				LastUpgradeCheck = 0830;
				ORGANIZATIONNAME = "Haydar Karkin";
				TargetAttributes = {
					B0CCD43D1EEEBE3A00D5A26E = {
						CreatedOnToolsVersion = 8.3.3;
						ProvisioningStyle = Automatic;
					};
					B0CCD4511EEEBE3A00D5A26E = {
						CreatedOnToolsVersion = 8.3.3;
						ProvisioningStyle = Automatic;
						TestTargetID = B0CCD43D1EEEBE3A00D5A26E;
					};
					B0CCD45C1EEEBE3A00D5A26E = {
						CreatedOnToolsVersion = 8.3.3;
						ProvisioningStyle = Automatic;
						TestTargetID = B0CCD43D1EEEBE3A00D5A26E;
					};
				};
			};
			buildConfigurationList = B0CCD4391EEEBE3A00D5A26E /* Build configuration list for PBXProject "ci-example" */;
			compatibilityVersion = "Xcode 3.2";
			developmentRegion = English;
			hasScannedForEncodings = 0;
			knownRegions = (
				en,
				Base,
			);
			mainGroup = B0CCD4351EEEBE3A00D5A26E;
			productRefGroup = B0CCD43F1EEEBE3A00D5A26E /* Products */;
			projectDirPath = "";
			projectRoot = "";
			targets = (
				B0CCD43D1EEEBE3A00D5A26E /* ci-example */,
				B0CCD4511EEEBE3A00D5A26E /* ci-exampleTests */,
				B0CCD45C1EEEBE3A00D5A26E /* ci-exampleUITests */,
			);
		};
/* End PBXProject section */

/* Begin PBXResourcesBuildPhase section */
		B0CCD43C1EEEBE3A00D5A26E /* Resources */ = {
			isa = PBXResourcesBuildPhase;
			buildActionMask = 2147483647;
			files = (
				B0CCD44C1EEEBE3A00D5A26E /* LaunchScreen.storyboard in Resources */,
				B0CCD4491EEEBE3A00D5A26E /* Assets.xcassets in Resources */,
				B0CCD4471EEEBE3A00D5A26E /* Main.storyboard in Resources */,
			);
			runOnlyForDeploymentPostprocessing = 0;
		};
		B0CCD4501EEEBE3A00D5A26E /* Resources */ = {
			isa = PBXResourcesBuildPhase;
			buildActionMask = 2147483647;
			files = (
			);
			runOnlyForDeploymentPostprocessing = 0;
		};
		B0CCD45B1EEEBE3A00D5A26E /* Resources */ = {
			isa = PBXResourcesBuildPhase;
			buildActionMask = 2147483647;
			files = (
			);
			runOnlyForDeploymentPostprocessing = 0;
		};
/* End PBXResourcesBuildPhase section */

/* Begin PBXShellScriptBuildPhase section */
		0F2D72281BA7DF2344BFDC9F /* [CP] Copy Pods Resources */ = {
			isa = PBXShellScriptBuildPhase;
			buildActionMask = 2147483647;
			files = (
			);
			inputPaths = (
			);
			name = "[CP] Copy Pods Resources";
			outputPaths = (
			);
			runOnlyForDeploymentPostprocessing = 0;
			shellPath = /bin/sh;
			shellScript = "\"${SRCROOT}/Pods/Target Support Files/Pods-ci-example/Pods-ci-example-resources.sh\"\n";
			showEnvVarsInLog = 0;
		};
		1E682DA709F555DF0D0F14C1 /* [CP] Check Pods Manifest.lock */ = {
			isa = PBXShellScriptBuildPhase;
			buildActionMask = 2147483647;
			files = (
			);
			inputPaths = (
			);
			name = "[CP] Check Pods Manifest.lock";
			outputPaths = (
			);
			runOnlyForDeploymentPostprocessing = 0;
			shellPath = /bin/sh;
			shellScript = "diff \"${PODS_PODFILE_DIR_PATH}/Podfile.lock\" \"${PODS_ROOT}/Manifest.lock\" > /dev/null\nif [ $? != 0 ] ; then\n    # print error to STDERR\n    echo \"error: The sandbox is not in sync with the Podfile.lock. Run 'pod install' or update your CocoaPods installation.\" >&2\n    exit 1\nfi\n";
			showEnvVarsInLog = 0;
		};
		457BF4F8C451532B35AD5F84 /* [CP] Embed Pods Frameworks */ = {
			isa = PBXShellScriptBuildPhase;
			buildActionMask = 2147483647;
			files = (
			);
			inputPaths = (
			);
			name = "[CP] Embed Pods Frameworks";
			outputPaths = (
			);
			runOnlyForDeploymentPostprocessing = 0;
			shellPath = /bin/sh;
			shellScript = "\"${SRCROOT}/Pods/Target Support Files/Pods-ci-example/Pods-ci-example-frameworks.sh\"\n";
			showEnvVarsInLog = 0;
		};
		83FAF24C74C78C0D01530D04 /* [CP] Embed Pods Frameworks */ = {
			isa = PBXShellScriptBuildPhase;
			buildActionMask = 2147483647;
			files = (
			);
			inputPaths = (
			);
			name = "[CP] Embed Pods Frameworks";
			outputPaths = (
			);
			runOnlyForDeploymentPostprocessing = 0;
			shellPath = /bin/sh;
			shellScript = "\"${SRCROOT}/Pods/Target Support Files/Pods-ci-exampleTests/Pods-ci-exampleTests-frameworks.sh\"\n";
			showEnvVarsInLog = 0;
		};
		9A06D7FF80CC1ACB678548B3 /* [CP] Embed Pods Frameworks */ = {
			isa = PBXShellScriptBuildPhase;
			buildActionMask = 2147483647;
			files = (
			);
			inputPaths = (
			);
			name = "[CP] Embed Pods Frameworks";
			outputPaths = (
			);
			runOnlyForDeploymentPostprocessing = 0;
			shellPath = /bin/sh;
			shellScript = "\"${SRCROOT}/Pods/Target Support Files/Pods-ci-exampleUITests/Pods-ci-exampleUITests-frameworks.sh\"\n";
			showEnvVarsInLog = 0;
		};
		BC7F25455008C3DD219F3FFC /* [CP] Check Pods Manifest.lock */ = {
			isa = PBXShellScriptBuildPhase;
			buildActionMask = 2147483647;
			files = (
			);
			inputPaths = (
			);
			name = "[CP] Check Pods Manifest.lock";
			outputPaths = (
			);
			runOnlyForDeploymentPostprocessing = 0;
			shellPath = /bin/sh;
			shellScript = "diff \"${PODS_PODFILE_DIR_PATH}/Podfile.lock\" \"${PODS_ROOT}/Manifest.lock\" > /dev/null\nif [ $? != 0 ] ; then\n    # print error to STDERR\n    echo \"error: The sandbox is not in sync with the Podfile.lock. Run 'pod install' or update your CocoaPods installation.\" >&2\n    exit 1\nfi\n";
			showEnvVarsInLog = 0;
		};
		CB00671BF56BEFC3B59B80F1 /* [CP] Copy Pods Resources */ = {
			isa = PBXShellScriptBuildPhase;
			buildActionMask = 2147483647;
			files = (
			);
			inputPaths = (
			);
			name = "[CP] Copy Pods Resources";
			outputPaths = (
			);
			runOnlyForDeploymentPostprocessing = 0;
			shellPath = /bin/sh;
			shellScript = "\"${SRCROOT}/Pods/Target Support Files/Pods-ci-exampleUITests/Pods-ci-exampleUITests-resources.sh\"\n";
			showEnvVarsInLog = 0;
		};
		EC67DB62892EFC53E790B170 /* [CP] Check Pods Manifest.lock */ = {
			isa = PBXShellScriptBuildPhase;
			buildActionMask = 2147483647;
			files = (
			);
			inputPaths = (
			);
			name = "[CP] Check Pods Manifest.lock";
			outputPaths = (
			);
			runOnlyForDeploymentPostprocessing = 0;
			shellPath = /bin/sh;
			shellScript = "diff \"${PODS_PODFILE_DIR_PATH}/Podfile.lock\" \"${PODS_ROOT}/Manifest.lock\" > /dev/null\nif [ $? != 0 ] ; then\n    # print error to STDERR\n    echo \"error: The sandbox is not in sync with the Podfile.lock. Run 'pod install' or update your CocoaPods installation.\" >&2\n    exit 1\nfi\n";
			showEnvVarsInLog = 0;
		};
		FD3594499EDFF88D61AA6960 /* [CP] Copy Pods Resources */ = {
			isa = PBXShellScriptBuildPhase;
			buildActionMask = 2147483647;
			files = (
			);
			inputPaths = (
			);
			name = "[CP] Copy Pods Resources";
			outputPaths = (
			);
			runOnlyForDeploymentPostprocessing = 0;
			shellPath = /bin/sh;
			shellScript = "\"${SRCROOT}/Pods/Target Support Files/Pods-ci-exampleTests/Pods-ci-exampleTests-resources.sh\"\n";
			showEnvVarsInLog = 0;
		};
/* End PBXShellScriptBuildPhase section */

/* Begin PBXSourcesBuildPhase section */
		B0CCD43A1EEEBE3A00D5A26E /* Sources */ = {
			isa = PBXSourcesBuildPhase;
			buildActionMask = 2147483647;
			files = (
				B0CCD4441EEEBE3A00D5A26E /* ViewController.swift in Sources */,
				B0CCD4421EEEBE3A00D5A26E /* AppDelegate.swift in Sources */,
			);
			runOnlyForDeploymentPostprocessing = 0;
		};
		B0CCD44E1EEEBE3A00D5A26E /* Sources */ = {
			isa = PBXSourcesBuildPhase;
			buildActionMask = 2147483647;
			files = (
				B0CCD4571EEEBE3A00D5A26E /* ci_exampleTests.swift in Sources */,
			);
			runOnlyForDeploymentPostprocessing = 0;
		};
		B0CCD4591EEEBE3A00D5A26E /* Sources */ = {
			isa = PBXSourcesBuildPhase;
			buildActionMask = 2147483647;
			files = (
				B0CCD4621EEEBE3A00D5A26E /* ci_exampleUITests.swift in Sources */,
			);
			runOnlyForDeploymentPostprocessing = 0;
		};
/* End PBXSourcesBuildPhase section */

/* Begin PBXTargetDependency section */
		B0CCD4541EEEBE3A00D5A26E /* PBXTargetDependency */ = {
			isa = PBXTargetDependency;
			target = B0CCD43D1EEEBE3A00D5A26E /* ci-example */;
			targetProxy = B0CCD4531EEEBE3A00D5A26E /* PBXContainerItemProxy */;
		};
		B0CCD45F1EEEBE3A00D5A26E /* PBXTargetDependency */ = {
			isa = PBXTargetDependency;
			target = B0CCD43D1EEEBE3A00D5A26E /* ci-example */;
			targetProxy = B0CCD45E1EEEBE3A00D5A26E /* PBXContainerItemProxy */;
		};
/* End PBXTargetDependency section */

/* Begin PBXVariantGroup section */
		B0CCD4451EEEBE3A00D5A26E /* Main.storyboard */ = {
			isa = PBXVariantGroup;
			children = (
				B0CCD4461EEEBE3A00D5A26E /* Base */,
			);
			name = Main.storyboard;
			sourceTree = "<group>";
		};
		B0CCD44A1EEEBE3A00D5A26E /* LaunchScreen.storyboard */ = {
			isa = PBXVariantGroup;
			children = (
				B0CCD44B1EEEBE3A00D5A26E /* Base */,
			);
			name = LaunchScreen.storyboard;
			sourceTree = "<group>";
		};
/* End PBXVariantGroup section */

/* Begin XCBuildConfiguration section */
		B0CCD4641EEEBE3A00D5A26E /* Debug */ = {
			isa = XCBuildConfiguration;
			buildSettings = {
				ALWAYS_SEARCH_USER_PATHS = NO;
				CLANG_ANALYZER_NONNULL = YES;
				CLANG_ANALYZER_NUMBER_OBJECT_CONVERSION = YES_AGGRESSIVE;
				CLANG_CXX_LANGUAGE_STANDARD = "gnu++0x";
				CLANG_CXX_LIBRARY = "libc++";
				CLANG_ENABLE_MODULES = YES;
				CLANG_ENABLE_OBJC_ARC = YES;
				CLANG_WARN_BOOL_CONVERSION = YES;
				CLANG_WARN_CONSTANT_CONVERSION = YES;
				CLANG_WARN_DIRECT_OBJC_ISA_USAGE = YES_ERROR;
				CLANG_WARN_DOCUMENTATION_COMMENTS = YES;
				CLANG_WARN_EMPTY_BODY = YES;
				CLANG_WARN_ENUM_CONVERSION = YES;
				CLANG_WARN_INFINITE_RECURSION = YES;
				CLANG_WARN_INT_CONVERSION = YES;
				CLANG_WARN_OBJC_ROOT_CLASS = YES_ERROR;
				CLANG_WARN_SUSPICIOUS_MOVE = YES;
				CLANG_WARN_UNREACHABLE_CODE = YES;
				CLANG_WARN__DUPLICATE_METHOD_MATCH = YES;
				"CODE_SIGN_IDENTITY[sdk=iphoneos*]" = "iPhone Developer";
				COPY_PHASE_STRIP = NO;
				DEBUG_INFORMATION_FORMAT = dwarf;
				ENABLE_STRICT_OBJC_MSGSEND = YES;
				ENABLE_TESTABILITY = YES;
				GCC_C_LANGUAGE_STANDARD = gnu99;
				GCC_DYNAMIC_NO_PIC = NO;
				GCC_NO_COMMON_BLOCKS = YES;
				GCC_OPTIMIZATION_LEVEL = 0;
				GCC_PREPROCESSOR_DEFINITIONS = (
					"DEBUG=1",
					"$(inherited)",
				);
				GCC_WARN_64_TO_32_BIT_CONVERSION = YES;
				GCC_WARN_ABOUT_RETURN_TYPE = YES_ERROR;
				GCC_WARN_UNDECLARED_SELECTOR = YES;
				GCC_WARN_UNINITIALIZED_AUTOS = YES_AGGRESSIVE;
				GCC_WARN_UNUSED_FUNCTION = YES;
				GCC_WARN_UNUSED_VARIABLE = YES;
				IPHONEOS_DEPLOYMENT_TARGET = 10.3;
				MTL_ENABLE_DEBUG_INFO = YES;
				ONLY_ACTIVE_ARCH = YES;
				SDKROOT = iphoneos;
				SWIFT_ACTIVE_COMPILATION_CONDITIONS = DEBUG;
				SWIFT_OPTIMIZATION_LEVEL = "-Onone";
				TARGETED_DEVICE_FAMILY = "1,2";
			};
			name = Debug;
		};
		B0CCD4651EEEBE3A00D5A26E /* Release */ = {
			isa = XCBuildConfiguration;
			buildSettings = {
				ALWAYS_SEARCH_USER_PATHS = NO;
				CLANG_ANALYZER_NONNULL = YES;
				CLANG_ANALYZER_NUMBER_OBJECT_CONVERSION = YES_AGGRESSIVE;
				CLANG_CXX_LANGUAGE_STANDARD = "gnu++0x";
				CLANG_CXX_LIBRARY = "libc++";
				CLANG_ENABLE_MODULES = YES;
				CLANG_ENABLE_OBJC_ARC = YES;
				CLANG_WARN_BOOL_CONVERSION = YES;
				CLANG_WARN_CONSTANT_CONVERSION = YES;
				CLANG_WARN_DIRECT_OBJC_ISA_USAGE = YES_ERROR;
				CLANG_WARN_DOCUMENTATION_COMMENTS = YES;
				CLANG_WARN_EMPTY_BODY = YES;
				CLANG_WARN_ENUM_CONVERSION = YES;
				CLANG_WARN_INFINITE_RECURSION = YES;
				CLANG_WARN_INT_CONVERSION = YES;
				CLANG_WARN_OBJC_ROOT_CLASS = YES_ERROR;
				CLANG_WARN_SUSPICIOUS_MOVE = YES;
				CLANG_WARN_UNREACHABLE_CODE = YES;
				CLANG_WARN__DUPLICATE_METHOD_MATCH = YES;
				"CODE_SIGN_IDENTITY[sdk=iphoneos*]" = "iPhone Developer";
				COPY_PHASE_STRIP = NO;
				DEBUG_INFORMATION_FORMAT = "dwarf-with-dsym";
				ENABLE_NS_ASSERTIONS = NO;
				ENABLE_STRICT_OBJC_MSGSEND = YES;
				GCC_C_LANGUAGE_STANDARD = gnu99;
				GCC_NO_COMMON_BLOCKS = YES;
				GCC_WARN_64_TO_32_BIT_CONVERSION = YES;
				GCC_WARN_ABOUT_RETURN_TYPE = YES_ERROR;
				GCC_WARN_UNDECLARED_SELECTOR = YES;
				GCC_WARN_UNINITIALIZED_AUTOS = YES_AGGRESSIVE;
				GCC_WARN_UNUSED_FUNCTION = YES;
				GCC_WARN_UNUSED_VARIABLE = YES;
				IPHONEOS_DEPLOYMENT_TARGET = 10.3;
				MTL_ENABLE_DEBUG_INFO = NO;
				SDKROOT = iphoneos;
				SWIFT_OPTIMIZATION_LEVEL = "-Owholemodule";
				TARGETED_DEVICE_FAMILY = "1,2";
				VALIDATE_PRODUCT = YES;
			};
			name = Release;
		};
		B0CCD4671EEEBE3A00D5A26E /* Debug */ = {
			isa = XCBuildConfiguration;
			baseConfigurationReference = 93558B9A856A61B4C763A096 /* Pods-ci-example.debug.xcconfig */;
			buildSettings = {
				ASSETCATALOG_COMPILER_APPICON_NAME = AppIcon;
				INFOPLIST_FILE = "ci-example/Info.plist";
				LD_RUNPATH_SEARCH_PATHS = "$(inherited) @executable_path/Frameworks";
				PRODUCT_BUNDLE_IDENTIFIER = "com.haydar.ci-example.ci-example";
				PRODUCT_NAME = "$(TARGET_NAME)";
				SWIFT_VERSION = 3.0;
			};
			name = Debug;
		};
		B0CCD4681EEEBE3A00D5A26E /* Release */ = {
			isa = XCBuildConfiguration;
			baseConfigurationReference = 9A47E5C96FCDBED55135F749 /* Pods-ci-example.release.xcconfig */;
			buildSettings = {
				ASSETCATALOG_COMPILER_APPICON_NAME = AppIcon;
				INFOPLIST_FILE = "ci-example/Info.plist";
				LD_RUNPATH_SEARCH_PATHS = "$(inherited) @executable_path/Frameworks";
				PRODUCT_BUNDLE_IDENTIFIER = "com.haydar.ci-example.ci-example";
				PRODUCT_NAME = "$(TARGET_NAME)";
				SWIFT_VERSION = 3.0;
			};
			name = Release;
		};
		B0CCD46A1EEEBE3A00D5A26E /* Debug */ = {
			isa = XCBuildConfiguration;
			baseConfigurationReference = 119BCAC253578D373EED627E /* Pods-ci-exampleTests.debug.xcconfig */;
			buildSettings = {
				ALWAYS_EMBED_SWIFT_STANDARD_LIBRARIES = YES;
				BUNDLE_LOADER = "$(TEST_HOST)";
				INFOPLIST_FILE = "ci-exampleTests/Info.plist";
				LD_RUNPATH_SEARCH_PATHS = "$(inherited) @executable_path/Frameworks @loader_path/Frameworks";
				PRODUCT_BUNDLE_IDENTIFIER = "com.haydar.ci-example.ci-exampleTests";
				PRODUCT_NAME = "$(TARGET_NAME)";
				SWIFT_VERSION = 3.0;
				TEST_HOST = "$(BUILT_PRODUCTS_DIR)/ci-example.app/ci-example";
			};
			name = Debug;
		};
		B0CCD46B1EEEBE3A00D5A26E /* Release */ = {
			isa = XCBuildConfiguration;
			baseConfigurationReference = 771ABF3F28BE33090A8A579F /* Pods-ci-exampleTests.release.xcconfig */;
			buildSettings = {
				ALWAYS_EMBED_SWIFT_STANDARD_LIBRARIES = YES;
				BUNDLE_LOADER = "$(TEST_HOST)";
				INFOPLIST_FILE = "ci-exampleTests/Info.plist";
				LD_RUNPATH_SEARCH_PATHS = "$(inherited) @executable_path/Frameworks @loader_path/Frameworks";
				PRODUCT_BUNDLE_IDENTIFIER = "com.haydar.ci-example.ci-exampleTests";
				PRODUCT_NAME = "$(TARGET_NAME)";
				SWIFT_VERSION = 3.0;
				TEST_HOST = "$(BUILT_PRODUCTS_DIR)/ci-example.app/ci-example";
			};
			name = Release;
		};
		B0CCD46D1EEEBE3A00D5A26E /* Debug */ = {
			isa = XCBuildConfiguration;
			baseConfigurationReference = B3ED043C0A3CBEB2BE3F909C /* Pods-ci-exampleUITests.debug.xcconfig */;
			buildSettings = {
				ALWAYS_EMBED_SWIFT_STANDARD_LIBRARIES = YES;
				INFOPLIST_FILE = "ci-exampleUITests/Info.plist";
				LD_RUNPATH_SEARCH_PATHS = "$(inherited) @executable_path/Frameworks @loader_path/Frameworks";
				PRODUCT_BUNDLE_IDENTIFIER = "com.haydar.ci-example.ci-exampleUITests";
				PRODUCT_NAME = "$(TARGET_NAME)";
				SWIFT_VERSION = 3.0;
				TEST_TARGET_NAME = "ci-example";
			};
			name = Debug;
		};
		B0CCD46E1EEEBE3A00D5A26E /* Release */ = {
			isa = XCBuildConfiguration;
			baseConfigurationReference = 88208AD12026B9C30434467F /* Pods-ci-exampleUITests.release.xcconfig */;
			buildSettings = {
				ALWAYS_EMBED_SWIFT_STANDARD_LIBRARIES = YES;
				INFOPLIST_FILE = "ci-exampleUITests/Info.plist";
				LD_RUNPATH_SEARCH_PATHS = "$(inherited) @executable_path/Frameworks @loader_path/Frameworks";
				PRODUCT_BUNDLE_IDENTIFIER = "com.haydar.ci-example.ci-exampleUITests";
				PRODUCT_NAME = "$(TARGET_NAME)";
				SWIFT_VERSION = 3.0;
				TEST_TARGET_NAME = "ci-example";
			};
			name = Release;
		};
/* End XCBuildConfiguration section */

/* Begin XCConfigurationList section */
		B0CCD4391EEEBE3A00D5A26E /* Build configuration list for PBXProject "ci-example" */ = {
			isa = XCConfigurationList;
			buildConfigurations = (
				B0CCD4641EEEBE3A00D5A26E /* Debug */,
				B0CCD4651EEEBE3A00D5A26E /* Release */,
			);
			defaultConfigurationIsVisible = 0;
			defaultConfigurationName = Release;
		};
		B0CCD4661EEEBE3A00D5A26E /* Build configuration list for PBXNativeTarget "ci-example" */ = {
			isa = XCConfigurationList;
			buildConfigurations = (
				B0CCD4671EEEBE3A00D5A26E /* Debug */,
				B0CCD4681EEEBE3A00D5A26E /* Release */,
			);
			defaultConfigurationIsVisible = 0;
		};
		B0CCD4691EEEBE3A00D5A26E /* Build configuration list for PBXNativeTarget "ci-exampleTests" */ = {
			isa = XCConfigurationList;
			buildConfigurations = (
				B0CCD46A1EEEBE3A00D5A26E /* Debug */,
				B0CCD46B1EEEBE3A00D5A26E /* Release */,
			);
			defaultConfigurationIsVisible = 0;
		};
		B0CCD46C1EEEBE3A00D5A26E /* Build configuration list for PBXNativeTarget "ci-exampleUITests" */ = {
			isa = XCConfigurationList;
			buildConfigurations = (
				B0CCD46D1EEEBE3A00D5A26E /* Debug */,
				B0CCD46E1EEEBE3A00D5A26E /* Release */,
			);
			defaultConfigurationIsVisible = 0;
		};
/* End XCConfigurationList section */
	};
	rootObject = B0CCD4361EEEBE3A00D5A26E /* Project object */;
}
